
Microsoft Visual Studio Solution File, Format Version 12.00
# Visual Studio Express 2012 for Windows Desktop
Project("{FAE04EC0-301F-11D3-BF4B-00C04F79EFBC}") = "CouponScanner", "CouponScanner\CouponScanner.csproj", "{87A6EDF8-AA31-4A4F-AC99-7AB22642C9A3}"
EndProject
Project("{FAE04EC0-301F-11D3-BF4B-00C04F79EFBC}") = "CouponTesting", "CouponTesting\CouponTesting.csproj", "{AC09E001-1FF7-42F3-9C1E-4358CD9E5A48}"
EndProject
Global
	GlobalSection(SolutionConfigurationPlatforms) = preSolution
		Debug|Any CPU = Debug|Any CPU
		Release|Any CPU = Release|Any CPU
	EndGlobalSection
	GlobalSection(ProjectConfigurationPlatforms) = postSolution
		{87A6EDF8-AA31-4A4F-AC99-7AB22642C9A3}.Debug|Any CPU.ActiveCfg = Debug|Any CPU
		{87A6EDF8-AA31-4A4F-AC99-7AB22642C9A3}.Debug|Any CPU.Build.0 = Debug|Any CPU
		{87A6EDF8-AA31-4A4F-AC99-7AB22642C9A3}.Release|Any CPU.ActiveCfg = Release|Any CPU
		{87A6EDF8-AA31-4A4F-AC99-7AB22642C9A3}.Release|Any CPU.Build.0 = Release|Any CPU
		{AC09E001-1FF7-42F3-9C1E-4358CD9E5A48}.Debug|Any CPU.ActiveCfg = Debug|Any CPU
		{AC09E001-1FF7-42F3-9C1E-4358CD9E5A48}.Debug|Any CPU.Build.0 = Debug|Any CPU
		{AC09E001-1FF7-42F3-9C1E-4358CD9E5A48}.Release|Any CPU.ActiveCfg = Release|Any CPU
		{AC09E001-1FF7-42F3-9C1E-4358CD9E5A48}.Release|Any CPU.Build.0 = Release|Any CPU
	EndGlobalSection
	GlobalSection(SolutionProperties) = preSolution
		HideSolutionNode = FALSE
	EndGlobalSection
EndGlobal
